{
  "name": "@editor/fbx-gltf-conv",
  "version": "1.0.0-alpha.37-editor.0",
  "lockfileVersion": 1,
  "requires": true,
  "dependencies": {
    "@octokit/auth-token": {
      "version": "2.4.2",
      "resolved": "https://registry.npm.taobao.org/@octokit/auth-token/download/@octokit/auth-token-2.4.2.tgz",
      "integrity": "sha1-ENCul5sQD6a3L6Do5j4n5tDb/4o=",
      "dev": true,
      "requires": {
        "@octokit/types": "^5.0.0"
      }
    },
    "@octokit/core": {
      "version": "3.1.2",
      "resolved": "https://registry.npm.taobao.org/@octokit/core/download/@octokit/core-3.1.2.tgz",
      "integrity": "sha1-yTfV+WIbdkVzBo/NLl3vzIcv2cw=",
      "dev": true,
      "requires": {
        "@octokit/auth-token": "^2.4.0",
        "@octokit/graphql": "^4.3.1",
        "@octokit/request": "^5.4.0",
        "@octokit/types": "^5.0.0",
        "before-after-hook": "^2.1.0",
        "universal-user-agent": "^6.0.0"
      }
    },
    "@octokit/endpoint": {
      "version": "6.0.6",
      "resolved": "https://registry.npm.taobao.org/@octokit/endpoint/download/@octokit/endpoint-6.0.6.tgz",
      "integrity": "sha1-TwnytGiXa0RHQqHVBp9vpFgm2Zk=",
      "dev": true,
      "requires": {
        "@octokit/types": "^5.0.0",
        "is-plain-object": "^5.0.0",
        "universal-user-agent": "^6.0.0"
      }
    },
    "@octokit/graphql": {
      "version": "4.5.6",
      "resolved": "https://registry.npm.taobao.org/@octokit/graphql/download/@octokit/graphql-4.5.6.tgz",
      "integrity": "sha1-cIFDuhXPfBh57WGIJm5/JwvoBdQ=",
      "dev": true,
      "requires": {
        "@octokit/request": "^5.3.0",
        "@octokit/types": "^5.0.0",
        "universal-user-agent": "^6.0.0"
      }
    },
    "@octokit/plugin-paginate-rest": {
      "version": "2.4.0",
      "resolved": "https://registry.npm.taobao.org/@octokit/plugin-paginate-rest/download/@octokit/plugin-paginate-rest-2.4.0.tgz",
      "integrity": "sha1-kvlR3cihzVBTU/oHZQdSyiXtfpM=",
      "dev": true,
      "requires": {
        "@octokit/types": "^5.5.0"
      }
    },
    "@octokit/plugin-request-log": {
      "version": "1.0.0",
      "resolved": "https://registry.npm.taobao.org/@octokit/plugin-request-log/download/@octokit/plugin-request-log-1.0.0.tgz",
      "integrity": "sha1-7vh6QxMA9hSMOaf3X4z+shiyVH4=",
      "dev": true
    },
    "@octokit/plugin-rest-endpoint-methods": {
      "version": "4.2.0",
      "resolved": "https://registry.npm.taobao.org/@octokit/plugin-rest-endpoint-methods/download/@octokit/plugin-rest-endpoint-methods-4.2.0.tgz",
      "integrity": "sha1-xaBpGzq6XYtO9d/9avNklgjxZ7o=",
      "dev": true,
      "requires": {
        "@octokit/types": "^5.5.0",
        "deprecation": "^2.3.1"
      }
    },
    "@octokit/request": {
      "version": "5.4.9",
      "resolved": "https://registry.npm.taobao.org/@octokit/request/download/@octokit/request-5.4.9.tgz",
      "integrity": "sha1-CkbxG4I1GzQW0xVyYa2bFVjEM2U=",
      "dev": true,
      "requires": {
        "@octokit/endpoint": "^6.0.1",
        "@octokit/request-error": "^2.0.0",
        "@octokit/types": "^5.0.0",
        "deprecation": "^2.0.0",
        "is-plain-object": "^5.0.0",
        "node-fetch": "^2.6.1",
        "once": "^1.4.0",
        "universal-user-agent": "^6.0.0"
      }
    },
    "@octokit/request-error": {
      "version": "2.0.2",
      "resolved": "https://registry.npm.taobao.org/@octokit/request-error/download/@octokit/request-error-2.0.2.tgz",
      "integrity": "sha1-Dna4P12P3aHbmQJ+pfYXwua6ntA=",
      "dev": true,
      "requires": {
        "@octokit/types": "^5.0.1",
        "deprecation": "^2.0.0",
        "once": "^1.4.0"
      }
    },
    "@octokit/rest": {
      "version": "18.0.6",
      "resolved": "https://registry.npm.taobao.org/@octokit/rest/download/@octokit/rest-18.0.6.tgz",
      "integrity": "sha1-dsJ08aaPQHQaExdo70g/BB57mLY=",
      "dev": true,
      "requires": {
        "@octokit/core": "^3.0.0",
        "@octokit/plugin-paginate-rest": "^2.2.0",
        "@octokit/plugin-request-log": "^1.0.0",
        "@octokit/plugin-rest-endpoint-methods": "4.2.0"
      }
    },
    "@octokit/types": {
      "version": "5.5.0",
      "resolved": "https://registry.npm.taobao.org/@octokit/types/download/@octokit/types-5.5.0.tgz",
      "integrity": "sha1-5fBujbISRsoQKqKERM2xOuF6E5s=",
      "dev": true,
      "requires": {
        "@types/node": ">= 8"
      }
    },
    "@types/node": {
      "version": "14.11.2",
      "resolved": "https://registry.npm.taobao.org/@types/node/download/@types/node-14.11.2.tgz?cache=0&sync_timestamp=1600732809777&other_urls=https%3A%2F%2Fregistry.npm.taobao.org%2F%40types%2Fnode%2Fdownload%2F%40types%2Fnode-14.11.2.tgz",
      "integrity": "sha1-LeHtZnBDk4faHJ9UmireKwp5klY=",
      "dev": true
    },
    "adm-zip": {
      "version": "0.4.16",
      "resolved": "https://registry.npm.taobao.org/adm-zip/download/adm-zip-0.4.16.tgz?cache=0&sync_timestamp=1606467363210&other_urls=https%3A%2F%2Fregistry.npm.taobao.org%2Fadm-zip%2Fdownload%2Fadm-zip-0.4.16.tgz",
      "integrity": "sha1-z0xQj9/6sCwmnLx/RxqHXwVXA2U=",
      "dev": true
    },
    "agent-base": {
      "version": "6.0.1",
      "resolved": "https://registry.npm.taobao.org/agent-base/download/agent-base-6.0.1.tgz?cache=0&sync_timestamp=1593732657198&other_urls=https%3A%2F%2Fregistry.npm.taobao.org%2Fagent-base%2Fdownload%2Fagent-base-6.0.1.tgz",
      "integrity": "sha1-gIAH5OWGfeywq2qy+Sj721pZbbQ=",
      "dev": true,
      "requires": {
        "debug": "4"
      },
      "dependencies": {
        "debug": {
          "version": "4.2.0",
          "resolved": "https://registry.npm.taobao.org/debug/download/debug-4.2.0.tgz?cache=0&sync_timestamp=1600502826356&other_urls=https%3A%2F%2Fregistry.npm.taobao.org%2Fdebug%2Fdownload%2Fdebug-4.2.0.tgz",
          "integrity": "sha1-fxUPk5IOlMWPVXTC/QGjEQ7/5/E=",
          "dev": true,
          "requires": {
            "ms": "2.1.2"
          }
        },
        "ms": {
          "version": "2.1.2",
          "resolved": "https://registry.npm.taobao.org/ms/download/ms-2.1.2.tgz?cache=0&other_urls=https%3A%2F%2Fregistry.npm.taobao.org%2Fms%2Fdownload%2Fms-2.1.2.tgz",
          "integrity": "sha1-0J0fNXtEP0kzgqjrPM0YOHKuYAk=",
          "dev": true
        }
      }
    },
    "ansi-regex": {
      "version": "5.0.0",
      "resolved": "https://registry.npm.taobao.org/ansi-regex/download/ansi-regex-5.0.0.tgz?cache=0&sync_timestamp=1570188663907&other_urls=https%3A%2F%2Fregistry.npm.taobao.org%2Fansi-regex%2Fdownload%2Fansi-regex-5.0.0.tgz",
      "integrity": "sha1-OIU59VF5vzkznIGvMKZU1p+Hy3U=",
      "dev": true
    },
    "at-least-node": {
      "version": "1.0.0",
      "resolved": "https://registry.npm.taobao.org/at-least-node/download/at-least-node-1.0.0.tgz",
      "integrity": "sha1-YCzUtG6EStTv/JKoARo8RuAjjcI=",
      "dev": true
    },
    "before-after-hook": {
      "version": "2.1.0",
      "resolved": "https://registry.npm.taobao.org/before-after-hook/download/before-after-hook-2.1.0.tgz",
      "integrity": "sha1-tsA0h/ROJCAN0wyl5qGXnF0vtjU=",
      "dev": true
    },
    "cli-progress": {
      "version": "3.8.2",
      "resolved": "https://registry.npm.taobao.org/cli-progress/download/cli-progress-3.8.2.tgz",
      "integrity": "sha1-q68fxtZAE1HxbwaBF6QQVUoOuMc=",
      "dev": true,
      "requires": {
        "colors": "^1.1.2",
        "string-width": "^4.2.0"
      }
    },
    "colors": {
      "version": "1.4.0",
      "resolved": "https://registry.npm.taobao.org/colors/download/colors-1.4.0.tgz",
      "integrity": "sha1-xQSRR51MG9rtLJztMs98fcI2D3g=",
      "dev": true
    },
    "deprecation": {
      "version": "2.3.1",
      "resolved": "https://registry.npm.taobao.org/deprecation/download/deprecation-2.3.1.tgz",
      "integrity": "sha1-Y2jL20Cr8zc7UlrIfkomDDpwCRk=",
      "dev": true
    },
    "emoji-regex": {
      "version": "8.0.0",
      "resolved": "https://registry.npm.taobao.org/emoji-regex/download/emoji-regex-8.0.0.tgz",
      "integrity": "sha1-6Bj9ac5cz8tARZT4QpY79TFkzDc=",
      "dev": true
    },
    "fs-extra": {
      "version": "9.0.1",
      "resolved": "https://registry.npm.taobao.org/fs-extra/download/fs-extra-9.0.1.tgz",
      "integrity": "sha1-kQ2gBiQ3ukw5/t2GPxZ1zP78ufw=",
      "dev": true,
      "requires": {
        "at-least-node": "^1.0.0",
        "graceful-fs": "^4.2.0",
        "jsonfile": "^6.0.1",
        "universalify": "^1.0.0"
      }
    },
    "graceful-fs": {
      "version": "4.2.4",
      "resolved": "https://registry.npm.taobao.org/graceful-fs/download/graceful-fs-4.2.4.tgz",
      "integrity": "sha1-Ila94U02MpWMRl68ltxGfKB6Kfs=",
      "dev": true
    },
    "https-proxy-agent": {
      "version": "5.0.0",
      "resolved": "https://registry.npm.taobao.org/https-proxy-agent/download/https-proxy-agent-5.0.0.tgz?cache=0&sync_timestamp=1581106803611&other_urls=https%3A%2F%2Fregistry.npm.taobao.org%2Fhttps-proxy-agent%2Fdownload%2Fhttps-proxy-agent-5.0.0.tgz",
      "integrity": "sha1-4qkFQqu2inYuCghQ9sntrf2FBrI=",
      "dev": true,
      "requires": {
        "agent-base": "6",
        "debug": "4"
      },
      "dependencies": {
        "debug": {
          "version": "4.2.0",
          "resolved": "https://registry.npm.taobao.org/debug/download/debug-4.2.0.tgz?cache=0&sync_timestamp=1600502826356&other_urls=https%3A%2F%2Fregistry.npm.taobao.org%2Fdebug%2Fdownload%2Fdebug-4.2.0.tgz",
          "integrity": "sha1-fxUPk5IOlMWPVXTC/QGjEQ7/5/E=",
          "dev": true,
          "requires": {
            "ms": "2.1.2"
          }
        },
        "ms": {
          "version": "2.1.2",
          "resolved": "https://registry.npm.taobao.org/ms/download/ms-2.1.2.tgz?cache=0&other_urls=https%3A%2F%2Fregistry.npm.taobao.org%2Fms%2Fdownload%2Fms-2.1.2.tgz",
          "integrity": "sha1-0J0fNXtEP0kzgqjrPM0YOHKuYAk=",
          "dev": true
        }
      }
    },
    "is-fullwidth-code-point": {
      "version": "3.0.0",
      "resolved": "https://registry.npm.taobao.org/is-fullwidth-code-point/download/is-fullwidth-code-point-3.0.0.tgz",
      "integrity": "sha1-8Rb4Bk/pCz94RKOJl8C3UFEmnx0=",
      "dev": true
    },
    "is-plain-object": {
      "version": "5.0.0",
      "resolved": "https://registry.npm.taobao.org/is-plain-object/download/is-plain-object-5.0.0.tgz",
      "integrity": "sha1-RCf1CrNCnpAl6n1S6QQ6nvQVk0Q=",
      "dev": true
    },
    "jsonfile": {
      "version": "6.0.1",
      "resolved": "https://registry.npm.taobao.org/jsonfile/download/jsonfile-6.0.1.tgz",
      "integrity": "sha1-mJZsuiFDeMjIS4LghZB7QL9hQXk=",
      "dev": true,
      "requires": {
        "graceful-fs": "^4.1.6",
        "universalify": "^1.0.0"
      }
    },
    "minimist": {
      "version": "1.2.5",
      "resolved": "https://registry.npm.taobao.org/minimist/download/minimist-1.2.5.tgz?cache=0&other_urls=https%3A%2F%2Fregistry.npm.taobao.org%2Fminimist%2Fdownload%2Fminimist-1.2.5.tgz",
      "integrity": "sha1-Z9ZgFLZqaoqqDAg8X9WN9OTpdgI=",
      "dev": true
    },
    "node-fetch": {
      "version": "2.6.1",
      "resolved": "https://registry.npm.taobao.org/node-fetch/download/node-fetch-2.6.1.tgz",
      "integrity": "sha1-BFvTI2Mfdu0uK1VXM5RBa2OaAFI=",
      "dev": true
    },
    "once": {
      "version": "1.4.0",
      "resolved": "https://registry.npm.taobao.org/once/download/once-1.4.0.tgz",
      "integrity": "sha1-WDsap3WWHUsROsF9nFC6753Xa9E=",
      "dev": true,
      "requires": {
        "wrappy": "1"
      }
    },
    "string-width": {
      "version": "4.2.0",
      "resolved": "https://registry.npm.taobao.org/string-width/download/string-width-4.2.0.tgz?cache=0&other_urls=https%3A%2F%2Fregistry.npm.taobao.org%2Fstring-width%2Fdownload%2Fstring-width-4.2.0.tgz",
      "integrity": "sha1-lSGCxGzHssMT0VluYjmSvRY7crU=",
      "dev": true,
      "requires": {
        "emoji-regex": "^8.0.0",
        "is-fullwidth-code-point": "^3.0.0",
        "strip-ansi": "^6.0.0"
      }
    },
    "strip-ansi": {
      "version": "6.0.0",
      "resolved": "https://registry.npm.taobao.org/strip-ansi/download/strip-ansi-6.0.0.tgz?cache=0&sync_timestamp=1573280518303&other_urls=https%3A%2F%2Fregistry.npm.taobao.org%2Fstrip-ansi%2Fdownload%2Fstrip-ansi-6.0.0.tgz",
      "integrity": "sha1-CxVx3XZpzNTz4G4U7x7tJiJa5TI=",
      "dev": true,
      "requires": {
        "ansi-regex": "^5.0.0"
      }
    },
    "tunnel": {
      "version": "0.0.6",
      "resolved": "https://registry.npm.taobao.org/tunnel/download/tunnel-0.0.6.tgz",
      "integrity": "sha1-cvExSzSlsZLbASMk3yzFh8pH+Sw=",
      "dev": true
    },
    "typescript": {
      "version": "4.4.3",
      "resolved": "https://registry.nlark.com/typescript/download/typescript-4.4.3.tgz?cache=0&sync_timestamp=1632295039179&other_urls=https%3A%2F%2Fregistry.nlark.com%2Ftypescript%2Fdownload%2Ftypescript-4.4.3.tgz",
      "integrity": "sha1-vcVAfKorEJ79T4L+EwZW+XeikyQ=",
      "dev": true
    },
    "universal-user-agent": {
      "version": "6.0.0",
      "resolved": "https://registry.npm.taobao.org/universal-user-agent/download/universal-user-agent-6.0.0.tgz",
      "integrity": "sha1-M4H4UDslHA2c0hvB3pOeyd9UgO4=",
      "dev": true
    },
    "universalify": {
      "version": "1.0.0",
      "resolved": "https://registry.npm.taobao.org/universalify/download/universalify-1.0.0.tgz",
      "integrity": "sha1-thodoXPoQ1sv48Z9Kbmt+FlL0W0=",
      "dev": true
    },
    "wget-improved": {
      "version": "3.2.1",
      "resolved": "https://registry.npm.taobao.org/wget-improved/download/wget-improved-3.2.1.tgz",
      "integrity": "sha1-txy8qakZb0b4XHw+p+YapulX2Qo=",
      "dev": true,
      "requires": {
        "minimist": "1.2.5",
        "tunnel": "0.0.6"
      }
    },
    "wrappy": {
      "version": "1.0.2",
      "resolved": "https://registry.npm.taobao.org/wrappy/download/wrappy-1.0.2.tgz",
      "integrity": "sha1-tSQ9jz7BqjXxNkYFvA0QNuMKtp8=",
      "dev": true
    }
  }
}
